// !$*UTF8*$!
{
	archiveVersion = 1;
	classes = {
	};
	objectVersion = 51;
	objects = {

/* Begin PBXBuildFile section */
		5C02D9BD21B3A31C00204C8A /* SettingsTableViewController.swift in Sources */ = {isa = PBXBuildFile; fileRef = 5C02D9BC21B3A31C00204C8A /* SettingsTableViewController.swift */; };
		5C04AA0721B0ED3B00B29EEF /* GoogleService-Info.plist in Resources */ = {isa = PBXBuildFile; fileRef = 5C04AA0621B0ED3B00B29EEF /* GoogleService-Info.plist */; };
		5C07EBAC221CDEA3001D2266 /* TimePopUpViewController.swift in Sources */ = {isa = PBXBuildFile; fileRef = 5C07EBAB221CDEA3001D2266 /* TimePopUpViewController.swift */; };
		5C07EBAE221CE6DF001D2266 /* Globals.swift in Sources */ = {isa = PBXBuildFile; fileRef = 5C07EBAD221CE6DF001D2266 /* Globals.swift */; };
		5C10F43821B4EA9600B6DC53 /* MyPlansTableViewController.swift in Sources */ = {isa = PBXBuildFile; fileRef = 5C10F43721B4EA9600B6DC53 /* MyPlansTableViewController.swift */; };
		5C22F4C821B31F5000BE2A1F /* Home.storyboard in Resources */ = {isa = PBXBuildFile; fileRef = 5C22F4C721B31F5000BE2A1F /* Home.storyboard */; };
		5C49C3E121B34E810026073F /* OrientationViewController.swift in Sources */ = {isa = PBXBuildFile; fileRef = 5C49C3E021B34E810026073F /* OrientationViewController.swift */; };
		5C4AA3E321ABA3FC00A1AC6C /* AppDelegate.swift in Sources */ = {isa = PBXBuildFile; fileRef = 5C4AA3E221ABA3FC00A1AC6C /* AppDelegate.swift */; };
		5C4AA3E521ABA3FC00A1AC6C /* LogInViewController.swift in Sources */ = {isa = PBXBuildFile; fileRef = 5C4AA3E421ABA3FC00A1AC6C /* LogInViewController.swift */; };
		5C4AA3E821ABA3FC00A1AC6C /* Onboarding.storyboard in Resources */ = {isa = PBXBuildFile; fileRef = 5C4AA3E621ABA3FC00A1AC6C /* Onboarding.storyboard */; };
		5C4AA3EA21ABA3FE00A1AC6C /* Assets.xcassets in Resources */ = {isa = PBXBuildFile; fileRef = 5C4AA3E921ABA3FE00A1AC6C /* Assets.xcassets */; };
		5C4AA3ED21ABA3FE00A1AC6C /* LaunchScreen.storyboard in Resources */ = {isa = PBXBuildFile; fileRef = 5C4AA3EB21ABA3FE00A1AC6C /* LaunchScreen.storyboard */; };
		5C4AA3F721ABBEEE00A1AC6C /* SignUpViewController.swift in Sources */ = {isa = PBXBuildFile; fileRef = 5C4AA3F621ABBEEE00A1AC6C /* SignUpViewController.swift */; };
		5C5BCACE220131A300C514F8 /* TimeSelectionViewController.swift in Sources */ = {isa = PBXBuildFile; fileRef = 5C5BCACD220131A300C514F8 /* TimeSelectionViewController.swift */; };
		5C80BBFD22B019CA00842529 /* UserSearchController.swift in Sources */ = {isa = PBXBuildFile; fileRef = 5C80BBFC22B019CA00842529 /* UserSearchController.swift */; };
		5C80BBFF22B2075E00842529 /* HitCell.swift in Sources */ = {isa = PBXBuildFile; fileRef = 5C80BBFE22B2075E00842529 /* HitCell.swift */; };
		5C9C996D21F29B6B00CB0FED /* ProfileViewController.swift in Sources */ = {isa = PBXBuildFile; fileRef = 5C9C996C21F29B6B00CB0FED /* ProfileViewController.swift */; };
		5C9C997021F29D1700CB0FED /* CurrentUser.swift in Sources */ = {isa = PBXBuildFile; fileRef = 5C9C996F21F29D1700CB0FED /* CurrentUser.swift */; };
		5C9C997221F3F2A400CB0FED /* FriendRequestsTableViewController.swift in Sources */ = {isa = PBXBuildFile; fileRef = 5C9C997121F3F2A400CB0FED /* FriendRequestsTableViewController.swift */; };
		5C9C997421F3F37000CB0FED /* Enumerations.swift in Sources */ = {isa = PBXBuildFile; fileRef = 5C9C997321F3F37000CB0FED /* Enumerations.swift */; };
		5C9FE7AF21F59BF000B4699D /* Protocols.swift in Sources */ = {isa = PBXBuildFile; fileRef = 5C9FE7AE21F59BF000B4699D /* Protocols.swift */; };
		5CA29D7022A728B400CD3898 /* Extensions.swift in Sources */ = {isa = PBXBuildFile; fileRef = 5CA29D6F22A728B400CD3898 /* Extensions.swift */; };
		5CA29D7322AC6DBE00CD3898 /* Log.swift in Sources */ = {isa = PBXBuildFile; fileRef = 5CA29D7222AC6DBE00CD3898 /* Log.swift */; };
		5CA876E521E50D9A00229CAB /* User.swift in Sources */ = {isa = PBXBuildFile; fileRef = 5CA876E421E50D9A00229CAB /* User.swift */; };
		5CAA0B4321FCD23000E99693 /* Structs.swift in Sources */ = {isa = PBXBuildFile; fileRef = 5CAA0B4221FCD23000E99693 /* Structs.swift */; };
		5CC3A5A2226239AA0076C709 /* PlanCell.swift in Sources */ = {isa = PBXBuildFile; fileRef = 5CC3A5A1226239AA0076C709 /* PlanCell.swift */; };
		5CC3A5A4226248920076C709 /* PeopleCell.swift in Sources */ = {isa = PBXBuildFile; fileRef = 5CC3A5A3226248920076C709 /* PeopleCell.swift */; };
		5CC3A5A622625A7D0076C709 /* LoganCouture.jpg in Resources */ = {isa = PBXBuildFile; fileRef = 5CC3A5A522625A7D0076C709 /* LoganCouture.jpg */; };
		5CC3A5A822625A880076C709 /* EvanderKane.png in Resources */ = {isa = PBXBuildFile; fileRef = 5CC3A5A722625A870076C709 /* EvanderKane.png */; };
		5CC3A5AC22627A110076C709 /* BrentBurns.jpg in Resources */ = {isa = PBXBuildFile; fileRef = 5CC3A5AB22627A110076C709 /* BrentBurns.jpg */; };
		5CD1D13D21FE3BAE007F41BE /* PlanCreation.storyboard in Resources */ = {isa = PBXBuildFile; fileRef = 5CD1D13C21FE3BAE007F41BE /* PlanCreation.storyboard */; };
		5CD1D14221FE93CB007F41BE /* SelectTimeSlotViewController.swift in Sources */ = {isa = PBXBuildFile; fileRef = 5CD1D14121FE93CB007F41BE /* SelectTimeSlotViewController.swift */; };
		5CF1343221DDA56A00B67CBE /* UserSearchTableViewController.swift in Sources */ = {isa = PBXBuildFile; fileRef = 5CF1343121DDA56A00B67CBE /* UserSearchTableViewController.swift */; };
		5CFC095D21E09CF100DBB00B /* UserProfileViewController.swift in Sources */ = {isa = PBXBuildFile; fileRef = 5CFC095C21E09CF100DBB00B /* UserProfileViewController.swift */; };
		5CFFDEEB22A62D9A0093F754 /* Networking.swift in Sources */ = {isa = PBXBuildFile; fileRef = 5CFFDEEA22A62D9A0093F754 /* Networking.swift */; };
		F3909440E8FEB42393001C87 /* Pods_Personection.framework in Frameworks */ = {isa = PBXBuildFile; fileRef = 62447F567AB918071CF7DD2C /* Pods_Personection.framework */; };
/* End PBXBuildFile section */

/* Begin PBXFileReference section */
		5084DB1497AD0C33C5F4B2A7 /* Pods-Personection.release.xcconfig */ = {isa = PBXFileReference; includeInIndex = 1; lastKnownFileType = text.xcconfig; name = "Pods-Personection.release.xcconfig"; path = "Pods/Target Support Files/Pods-Personection/Pods-Personection.release.xcconfig"; sourceTree = "<group>"; };
		5C02D9BC21B3A31C00204C8A /* SettingsTableViewController.swift */ = {isa = PBXFileReference; lastKnownFileType = sourcecode.swift; path = SettingsTableViewController.swift; sourceTree = "<group>"; };
		5C04AA0621B0ED3B00B29EEF /* GoogleService-Info.plist */ = {isa = PBXFileReference; fileEncoding = 4; lastKnownFileType = text.plist.xml; path = "GoogleService-Info.plist"; sourceTree = "<group>"; };
		5C07EBAB221CDEA3001D2266 /* TimePopUpViewController.swift */ = {isa = PBXFileReference; lastKnownFileType = sourcecode.swift; path = TimePopUpViewController.swift; sourceTree = "<group>"; };
		5C07EBAD221CE6DF001D2266 /* Globals.swift */ = {isa = PBXFileReference; lastKnownFileType = sourcecode.swift; path = Globals.swift; sourceTree = "<group>"; };
		5C10F43721B4EA9600B6DC53 /* MyPlansTableViewController.swift */ = {isa = PBXFileReference; fileEncoding = 4; lastKnownFileType = sourcecode.swift; path = MyPlansTableViewController.swift; sourceTree = "<group>"; };
		5C22F4C721B31F5000BE2A1F /* Home.storyboard */ = {isa = PBXFileReference; lastKnownFileType = file.storyboard; path = Home.storyboard; sourceTree = "<group>"; };
		5C49C3E021B34E810026073F /* OrientationViewController.swift */ = {isa = PBXFileReference; lastKnownFileType = sourcecode.swift; path = OrientationViewController.swift; sourceTree = "<group>"; };
		5C4AA3DF21ABA3FC00A1AC6C /* Personection.app */ = {isa = PBXFileReference; explicitFileType = wrapper.application; includeInIndex = 0; path = Personection.app; sourceTree = BUILT_PRODUCTS_DIR; };
		5C4AA3E221ABA3FC00A1AC6C /* AppDelegate.swift */ = {isa = PBXFileReference; lastKnownFileType = sourcecode.swift; path = AppDelegate.swift; sourceTree = "<group>"; };
		5C4AA3E421ABA3FC00A1AC6C /* LogInViewController.swift */ = {isa = PBXFileReference; lastKnownFileType = sourcecode.swift; path = LogInViewController.swift; sourceTree = "<group>"; };
		5C4AA3E721ABA3FC00A1AC6C /* Base */ = {isa = PBXFileReference; lastKnownFileType = file.storyboard; name = Base; path = Base.lproj/Onboarding.storyboard; sourceTree = "<group>"; };
		5C4AA3E921ABA3FE00A1AC6C /* Assets.xcassets */ = {isa = PBXFileReference; lastKnownFileType = folder.assetcatalog; path = Assets.xcassets; sourceTree = "<group>"; };
		5C4AA3EC21ABA3FE00A1AC6C /* Base */ = {isa = PBXFileReference; lastKnownFileType = file.storyboard; name = Base; path = Base.lproj/LaunchScreen.storyboard; sourceTree = "<group>"; };
		5C4AA3EE21ABA3FE00A1AC6C /* Info.plist */ = {isa = PBXFileReference; lastKnownFileType = text.plist.xml; path = Info.plist; sourceTree = "<group>"; };
		5C4AA3F621ABBEEE00A1AC6C /* SignUpViewController.swift */ = {isa = PBXFileReference; lastKnownFileType = sourcecode.swift; path = SignUpViewController.swift; sourceTree = "<group>"; };
		5C5BCACD220131A300C514F8 /* TimeSelectionViewController.swift */ = {isa = PBXFileReference; lastKnownFileType = sourcecode.swift; path = TimeSelectionViewController.swift; sourceTree = "<group>"; };
		5C80BBFC22B019CA00842529 /* UserSearchController.swift */ = {isa = PBXFileReference; lastKnownFileType = sourcecode.swift; path = UserSearchController.swift; sourceTree = "<group>"; };
		5C80BBFE22B2075E00842529 /* HitCell.swift */ = {isa = PBXFileReference; lastKnownFileType = sourcecode.swift; path = HitCell.swift; sourceTree = "<group>"; };
		5C9C996C21F29B6B00CB0FED /* ProfileViewController.swift */ = {isa = PBXFileReference; lastKnownFileType = sourcecode.swift; path = ProfileViewController.swift; sourceTree = "<group>"; };
		5C9C996F21F29D1700CB0FED /* CurrentUser.swift */ = {isa = PBXFileReference; lastKnownFileType = sourcecode.swift; path = CurrentUser.swift; sourceTree = "<group>"; };
		5C9C997121F3F2A400CB0FED /* FriendRequestsTableViewController.swift */ = {isa = PBXFileReference; lastKnownFileType = sourcecode.swift; path = FriendRequestsTableViewController.swift; sourceTree = "<group>"; };
		5C9C997321F3F37000CB0FED /* Enumerations.swift */ = {isa = PBXFileReference; lastKnownFileType = sourcecode.swift; path = Enumerations.swift; sourceTree = "<group>"; };
		5C9FE7AE21F59BF000B4699D /* Protocols.swift */ = {isa = PBXFileReference; lastKnownFileType = sourcecode.swift; path = Protocols.swift; sourceTree = "<group>"; };
		5CA29D6F22A728B400CD3898 /* Extensions.swift */ = {isa = PBXFileReference; lastKnownFileType = sourcecode.swift; path = Extensions.swift; sourceTree = "<group>"; };
		5CA29D7222AC6DBE00CD3898 /* Log.swift */ = {isa = PBXFileReference; lastKnownFileType = sourcecode.swift; path = Log.swift; sourceTree = "<group>"; };
		5CA876E421E50D9A00229CAB /* User.swift */ = {isa = PBXFileReference; lastKnownFileType = sourcecode.swift; path = User.swift; sourceTree = "<group>"; };
		5CAA0B4221FCD23000E99693 /* Structs.swift */ = {isa = PBXFileReference; lastKnownFileType = sourcecode.swift; path = Structs.swift; sourceTree = "<group>"; };
		5CC3A5A1226239AA0076C709 /* PlanCell.swift */ = {isa = PBXFileReference; lastKnownFileType = sourcecode.swift; path = PlanCell.swift; sourceTree = "<group>"; };
		5CC3A5A3226248920076C709 /* PeopleCell.swift */ = {isa = PBXFileReference; lastKnownFileType = sourcecode.swift; path = PeopleCell.swift; sourceTree = "<group>"; };
		5CC3A5A522625A7D0076C709 /* LoganCouture.jpg */ = {isa = PBXFileReference; lastKnownFileType = image.jpeg; path = LoganCouture.jpg; sourceTree = SOURCE_ROOT; };
		5CC3A5A722625A870076C709 /* EvanderKane.png */ = {isa = PBXFileReference; lastKnownFileType = image.png; path = EvanderKane.png; sourceTree = SOURCE_ROOT; };
		5CC3A5AB22627A110076C709 /* BrentBurns.jpg */ = {isa = PBXFileReference; lastKnownFileType = image.jpeg; path = BrentBurns.jpg; sourceTree = "<group>"; };
		5CD1D13C21FE3BAE007F41BE /* PlanCreation.storyboard */ = {isa = PBXFileReference; lastKnownFileType = file.storyboard; path = PlanCreation.storyboard; sourceTree = "<group>"; };
		5CD1D14121FE93CB007F41BE /* SelectTimeSlotViewController.swift */ = {isa = PBXFileReference; lastKnownFileType = sourcecode.swift; path = SelectTimeSlotViewController.swift; sourceTree = "<group>"; };
		5CF1343121DDA56A00B67CBE /* UserSearchTableViewController.swift */ = {isa = PBXFileReference; lastKnownFileType = sourcecode.swift; path = UserSearchTableViewController.swift; sourceTree = "<group>"; };
		5CFC095C21E09CF100DBB00B /* UserProfileViewController.swift */ = {isa = PBXFileReference; lastKnownFileType = sourcecode.swift; path = UserProfileViewController.swift; sourceTree = "<group>"; };
		5CFFDEEA22A62D9A0093F754 /* Networking.swift */ = {isa = PBXFileReference; lastKnownFileType = sourcecode.swift; path = Networking.swift; sourceTree = "<group>"; };
		62447F567AB918071CF7DD2C /* Pods_Personection.framework */ = {isa = PBXFileReference; explicitFileType = wrapper.framework; includeInIndex = 0; path = Pods_Personection.framework; sourceTree = BUILT_PRODUCTS_DIR; };
		B0735257591B8A9F33CBCB09 /* Pods-Personection.debug.xcconfig */ = {isa = PBXFileReference; includeInIndex = 1; lastKnownFileType = text.xcconfig; name = "Pods-Personection.debug.xcconfig"; path = "Pods/Target Support Files/Pods-Personection/Pods-Personection.debug.xcconfig"; sourceTree = "<group>"; };
/* End PBXFileReference section */

/* Begin PBXFrameworksBuildPhase section */
		5C4AA3DC21ABA3FC00A1AC6C /* Frameworks */ = {
			isa = PBXFrameworksBuildPhase;
			buildActionMask = 2147483647;
			files = (
				F3909440E8FEB42393001C87 /* Pods_Personection.framework in Frameworks */,
			);
			runOnlyForDeploymentPostprocessing = 0;
		};
/* End PBXFrameworksBuildPhase section */

/* Begin PBXGroup section */
		13E76537D4F352551CDF9ED8 /* Pods */ = {
			isa = PBXGroup;
			children = (
				B0735257591B8A9F33CBCB09 /* Pods-Personection.debug.xcconfig */,
				5084DB1497AD0C33C5F4B2A7 /* Pods-Personection.release.xcconfig */,
			);
			name = Pods;
			sourceTree = "<group>";
		};
		5C04AA0521B0E68100B29EEF /* HelperClasses */ = {
			isa = PBXGroup;
			children = (
				5C9C996F21F29D1700CB0FED /* CurrentUser.swift */,
			);
			path = HelperClasses;
			sourceTree = "<group>";
		};
		5C4AA3D621ABA3FC00A1AC6C = {
			isa = PBXGroup;
			children = (
				5C4AA3E121ABA3FC00A1AC6C /* Personection */,
				5C4AA3E021ABA3FC00A1AC6C /* Products */,
				13E76537D4F352551CDF9ED8 /* Pods */,
				EDB5D0D813F94C34C878EA94 /* Frameworks */,
			);
			sourceTree = "<group>";
		};
		5C4AA3E021ABA3FC00A1AC6C /* Products */ = {
			isa = PBXGroup;
			children = (
				5C4AA3DF21ABA3FC00A1AC6C /* Personection.app */,
			);
			name = Products;
			sourceTree = "<group>";
		};
		5C4AA3E121ABA3FC00A1AC6C /* Personection */ = {
			isa = PBXGroup;
			children = (
				5CFFDEE922A62D840093F754 /* Utilities */,
				5C5E62B721C8AC5B00C70054 /* Storyboards */,
				5C04AA0521B0E68100B29EEF /* HelperClasses */,
				5CA876E321E50D7500229CAB /* Data Structures */,
				5C80BBFB22AEF21300842529 /* Cells */,
				5C4AA3F821ABBEFD00A1AC6C /* ViewControllers */,
				5C4AA3E221ABA3FC00A1AC6C /* AppDelegate.swift */,
				5CC3A5A522625A7D0076C709 /* LoganCouture.jpg */,
				5CC3A5AB22627A110076C709 /* BrentBurns.jpg */,
				5CC3A5A722625A870076C709 /* EvanderKane.png */,
				5C4AA3E921ABA3FE00A1AC6C /* Assets.xcassets */,
				5C4AA3EE21ABA3FE00A1AC6C /* Info.plist */,
				5C04AA0621B0ED3B00B29EEF /* GoogleService-Info.plist */,
			);
			path = Personection;
			sourceTree = "<group>";
		};
		5C4AA3F821ABBEFD00A1AC6C /* ViewControllers */ = {
			isa = PBXGroup;
			children = (
				5CD1D14021FE44C6007F41BE /* Create Plans */,
				5C5E62B621C8AC2700C70054 /* Onboarding */,
				5C9C996E21F29B8100CB0FED /* Home */,
			);
			path = ViewControllers;
			sourceTree = "<group>";
		};
		5C5E62B621C8AC2700C70054 /* Onboarding */ = {
			isa = PBXGroup;
			children = (
				5C4AA3E421ABA3FC00A1AC6C /* LogInViewController.swift */,
				5C49C3E021B34E810026073F /* OrientationViewController.swift */,
				5C4AA3F621ABBEEE00A1AC6C /* SignUpViewController.swift */,
			);
			path = Onboarding;
			sourceTree = "<group>";
		};
		5C5E62B721C8AC5B00C70054 /* Storyboards */ = {
			isa = PBXGroup;
			children = (
				5C22F4C721B31F5000BE2A1F /* Home.storyboard */,
				5CD1D13C21FE3BAE007F41BE /* PlanCreation.storyboard */,
				5C4AA3EB21ABA3FE00A1AC6C /* LaunchScreen.storyboard */,
				5C4AA3E621ABA3FC00A1AC6C /* Onboarding.storyboard */,
			);
			path = Storyboards;
			sourceTree = "<group>";
		};
		5C80BBFB22AEF21300842529 /* Cells */ = {
			isa = PBXGroup;
			children = (
				5C80BBFE22B2075E00842529 /* HitCell.swift */,
				5CC3A5A3226248920076C709 /* PeopleCell.swift */,
				5CC3A5A1226239AA0076C709 /* PlanCell.swift */,
			);
			path = Cells;
			sourceTree = "<group>";
		};
		5C9C996E21F29B8100CB0FED /* Home */ = {
			isa = PBXGroup;
			children = (
				5C80BBFC22B019CA00842529 /* UserSearchController.swift */,
				5CF1343121DDA56A00B67CBE /* UserSearchTableViewController.swift */,
				5CFC095C21E09CF100DBB00B /* UserProfileViewController.swift */,
				5C10F43721B4EA9600B6DC53 /* MyPlansTableViewController.swift */,
				5C02D9BC21B3A31C00204C8A /* SettingsTableViewController.swift */,
				5C9C996C21F29B6B00CB0FED /* ProfileViewController.swift */,
				5C9C997121F3F2A400CB0FED /* FriendRequestsTableViewController.swift */,
			);
			path = Home;
			sourceTree = "<group>";
		};
		5CA876E321E50D7500229CAB /* Data Structures */ = {
			isa = PBXGroup;
			children = (
				5CA876E421E50D9A00229CAB /* User.swift */,
				5CAA0B4221FCD23000E99693 /* Structs.swift */,
				5C07EBAD221CE6DF001D2266 /* Globals.swift */,
				5C9C997321F3F37000CB0FED /* Enumerations.swift */,
			);
			path = "Data Structures";
			sourceTree = "<group>";
		};
		5CD1D14021FE44C6007F41BE /* Create Plans */ = {
			isa = PBXGroup;
			children = (
				5CD1D14121FE93CB007F41BE /* SelectTimeSlotViewController.swift */,
				5C5BCACD220131A300C514F8 /* TimeSelectionViewController.swift */,
				5C07EBAB221CDEA3001D2266 /* TimePopUpViewController.swift */,
			);
			path = "Create Plans";
			sourceTree = "<group>";
		};
		5CFFDEE922A62D840093F754 /* Utilities */ = {
			isa = PBXGroup;
			children = (
				5CFFDEEA22A62D9A0093F754 /* Networking.swift */,
				5C9FE7AE21F59BF000B4699D /* Protocols.swift */,
				5CA29D6F22A728B400CD3898 /* Extensions.swift */,
				5CA29D7222AC6DBE00CD3898 /* Log.swift */,
			);
			path = Utilities;
			sourceTree = "<group>";
		};
		EDB5D0D813F94C34C878EA94 /* Frameworks */ = {
			isa = PBXGroup;
			children = (
				62447F567AB918071CF7DD2C /* Pods_Personection.framework */,
			);
			name = Frameworks;
			sourceTree = "<group>";
		};
/* End PBXGroup section */

/* Begin PBXNativeTarget section */
		5C4AA3DE21ABA3FC00A1AC6C /* Personection */ = {
			isa = PBXNativeTarget;
			buildConfigurationList = 5C4AA3F121ABA3FE00A1AC6C /* Build configuration list for PBXNativeTarget "Personection" */;
			buildPhases = (
				39FF32E2E3CF315425C8DC04 /* [CP] Check Pods Manifest.lock */,
				5C4AA3DB21ABA3FC00A1AC6C /* Sources */,
				5C4AA3DC21ABA3FC00A1AC6C /* Frameworks */,
				5C4AA3DD21ABA3FC00A1AC6C /* Resources */,
				A54AC7579E6261A379E757A1 /* [CP] Embed Pods Frameworks */,
				9C35C0A0D543A7D5E570F75D /* [CP] Copy Pods Resources */,
				5CA29D7122A8D55400CD3898 /* ShellScript */,
			);
			buildRules = (
			);
			dependencies = (
			);
			name = Personection;
			productName = Personection;
			productReference = 5C4AA3DF21ABA3FC00A1AC6C /* Personection.app */;
			productType = "com.apple.product-type.application";
		};
/* End PBXNativeTarget section */

/* Begin PBXProject section */
		5C4AA3D721ABA3FC00A1AC6C /* Project object */ = {
			isa = PBXProject;
			attributes = {
				LastSwiftUpdateCheck = 1010;
				LastUpgradeCheck = 1010;
				ORGANIZATIONNAME = "Quintin Leary";
				TargetAttributes = {
					5C4AA3DE21ABA3FC00A1AC6C = {
						CreatedOnToolsVersion = 10.1;
					};
				};
			};
			buildConfigurationList = 5C4AA3DA21ABA3FC00A1AC6C /* Build configuration list for PBXProject "Personection" */;
			compatibilityVersion = "Xcode 9.3";
			developmentRegion = en;
			hasScannedForEncodings = 0;
			knownRegions = (
				en,
				Base,
			);
			mainGroup = 5C4AA3D621ABA3FC00A1AC6C;
			productRefGroup = 5C4AA3E021ABA3FC00A1AC6C /* Products */;
			projectDirPath = "";
			projectRoot = "";
			targets = (
				5C4AA3DE21ABA3FC00A1AC6C /* Personection */,
			);
		};
/* End PBXProject section */

/* Begin PBXResourcesBuildPhase section */
		5C4AA3DD21ABA3FC00A1AC6C /* Resources */ = {
			isa = PBXResourcesBuildPhase;
			buildActionMask = 2147483647;
			files = (
				5C04AA0721B0ED3B00B29EEF /* GoogleService-Info.plist in Resources */,
				5C22F4C821B31F5000BE2A1F /* Home.storyboard in Resources */,
				5C4AA3ED21ABA3FE00A1AC6C /* LaunchScreen.storyboard in Resources */,
				5CC3A5AC22627A110076C709 /* BrentBurns.jpg in Resources */,
				5C4AA3EA21ABA3FE00A1AC6C /* Assets.xcassets in Resources */,
				5CD1D13D21FE3BAE007F41BE /* PlanCreation.storyboard in Resources */,
				5CC3A5A622625A7D0076C709 /* LoganCouture.jpg in Resources */,
				5CC3A5A822625A880076C709 /* EvanderKane.png in Resources */,
				5C4AA3E821ABA3FC00A1AC6C /* Onboarding.storyboard in Resources */,
			);
			runOnlyForDeploymentPostprocessing = 0;
		};
/* End PBXResourcesBuildPhase section */

/* Begin PBXShellScriptBuildPhase section */
		39FF32E2E3CF315425C8DC04 /* [CP] Check Pods Manifest.lock */ = {
			isa = PBXShellScriptBuildPhase;
			buildActionMask = 2147483647;
			files = (
			);
			inputFileListPaths = (
			);
			inputPaths = (
				"${PODS_PODFILE_DIR_PATH}/Podfile.lock",
				"${PODS_ROOT}/Manifest.lock",
			);
			name = "[CP] Check Pods Manifest.lock";
			outputFileListPaths = (
			);
			outputPaths = (
				"$(DERIVED_FILE_DIR)/Pods-Personection-checkManifestLockResult.txt",
			);
			runOnlyForDeploymentPostprocessing = 0;
			shellPath = /bin/sh;
			shellScript = "diff \"${PODS_PODFILE_DIR_PATH}/Podfile.lock\" \"${PODS_ROOT}/Manifest.lock\" > /dev/null\nif [ $? != 0 ] ; then\n    # print error to STDERR\n    echo \"error: The sandbox is not in sync with the Podfile.lock. Run 'pod install' or update your CocoaPods installation.\" >&2\n    exit 1\nfi\n# This output is used by Xcode 'outputs' to avoid re-running this script phase.\necho \"SUCCESS\" > \"${SCRIPT_OUTPUT_FILE_0}\"\n";
			showEnvVarsInLog = 0;
		};
		5CA29D7122A8D55400CD3898 /* ShellScript */ = {
			isa = PBXShellScriptBuildPhase;
			buildActionMask = 2147483647;
			files = (
			);
			inputFileListPaths = (
			);
			inputPaths = (
				"$(SRCROOT)/$(Personection)/$(Info.plist)",
			);
			outputFileListPaths = (
			);
			outputPaths = (
			);
			runOnlyForDeploymentPostprocessing = 0;
			shellPath = /bin/sh;
			shellScript = "# Type a script or drag a script file from your workspace to insert its path.\n\"${PODS_ROOT}/Fabric/run\"\n";
		};
		9C35C0A0D543A7D5E570F75D /* [CP] Copy Pods Resources */ = {
			isa = PBXShellScriptBuildPhase;
			buildActionMask = 2147483647;
			files = (
			);
			inputFileListPaths = (
				"${PODS_ROOT}/Target Support Files/Pods-Personection/Pods-Personection-resources-${CONFIGURATION}-input-files.xcfilelist",
			);
			name = "[CP] Copy Pods Resources";
			outputFileListPaths = (
				"${PODS_ROOT}/Target Support Files/Pods-Personection/Pods-Personection-resources-${CONFIGURATION}-output-files.xcfilelist",
			);
			runOnlyForDeploymentPostprocessing = 0;
			shellPath = /bin/sh;
			shellScript = "\"${PODS_ROOT}/Target Support Files/Pods-Personection/Pods-Personection-resources.sh\"\n";
			showEnvVarsInLog = 0;
		};
		A54AC7579E6261A379E757A1 /* [CP] Embed Pods Frameworks */ = {
			isa = PBXShellScriptBuildPhase;
			buildActionMask = 2147483647;
			files = (
			);
			inputFileListPaths = (
				"${PODS_ROOT}/Target Support Files/Pods-Personection/Pods-Personection-frameworks-${CONFIGURATION}-input-files.xcfilelist",
			);
			name = "[CP] Embed Pods Frameworks";
			outputFileListPaths = (
				"${PODS_ROOT}/Target Support Files/Pods-Personection/Pods-Personection-frameworks-${CONFIGURATION}-output-files.xcfilelist",
			);
			runOnlyForDeploymentPostprocessing = 0;
			shellPath = /bin/sh;
			shellScript = "\"${PODS_ROOT}/Target Support Files/Pods-Personection/Pods-Personection-frameworks.sh\"\n";
			showEnvVarsInLog = 0;
		};
/* End PBXShellScriptBuildPhase section */

/* Begin PBXSourcesBuildPhase section */
		5C4AA3DB21ABA3FC00A1AC6C /* Sources */ = {
			isa = PBXSourcesBuildPhase;
			buildActionMask = 2147483647;
			files = (
				5CAA0B4321FCD23000E99693 /* Structs.swift in Sources */,
				5C9FE7AF21F59BF000B4699D /* Protocols.swift in Sources */,
				5C07EBAC221CDEA3001D2266 /* TimePopUpViewController.swift in Sources */,
				5C49C3E121B34E810026073F /* OrientationViewController.swift in Sources */,
				5C4AA3F721ABBEEE00A1AC6C /* SignUpViewController.swift in Sources */,
				5C80BBFD22B019CA00842529 /* UserSearchController.swift in Sources */,
				5C5BCACE220131A300C514F8 /* TimeSelectionViewController.swift in Sources */,
				5CF1343221DDA56A00B67CBE /* UserSearchTableViewController.swift in Sources */,
				5CA29D7322AC6DBE00CD3898 /* Log.swift in Sources */,
				5CFFDEEB22A62D9A0093F754 /* Networking.swift in Sources */,
				5CD1D14221FE93CB007F41BE /* SelectTimeSlotViewController.swift in Sources */,
				5C07EBAE221CE6DF001D2266 /* Globals.swift in Sources */,
				5C9C997221F3F2A400CB0FED /* FriendRequestsTableViewController.swift in Sources */,
				5C02D9BD21B3A31C00204C8A /* SettingsTableViewController.swift in Sources */,
				5C4AA3E521ABA3FC00A1AC6C /* LogInViewController.swift in Sources */,
				5CC3A5A2226239AA0076C709 /* PlanCell.swift in Sources */,
				5C10F43821B4EA9600B6DC53 /* MyPlansTableViewController.swift in Sources */,
				5C9C996D21F29B6B00CB0FED /* ProfileViewController.swift in Sources */,
				5CFC095D21E09CF100DBB00B /* UserProfileViewController.swift in Sources */,
				5CA876E521E50D9A00229CAB /* User.swift in Sources */,
				5CA29D7022A728B400CD3898 /* Extensions.swift in Sources */,
				5C9C997021F29D1700CB0FED /* CurrentUser.swift in Sources */,
				5C9C997421F3F37000CB0FED /* Enumerations.swift in Sources */,
				5C80BBFF22B2075E00842529 /* HitCell.swift in Sources */,
				5CC3A5A4226248920076C709 /* PeopleCell.swift in Sources */,
				5C4AA3E321ABA3FC00A1AC6C /* AppDelegate.swift in Sources */,
			);
			runOnlyForDeploymentPostprocessing = 0;
		};
/* End PBXSourcesBuildPhase section */

/* Begin PBXVariantGroup section */
		5C4AA3E621ABA3FC00A1AC6C /* Onboarding.storyboard */ = {
			isa = PBXVariantGroup;
			children = (
				5C4AA3E721ABA3FC00A1AC6C /* Base */,
			);
			name = Onboarding.storyboard;
			sourceTree = "<group>";
		};
		5C4AA3EB21ABA3FE00A1AC6C /* LaunchScreen.storyboard */ = {
			isa = PBXVariantGroup;
			children = (
				5C4AA3EC21ABA3FE00A1AC6C /* Base */,
			);
			name = LaunchScreen.storyboard;
			sourceTree = "<group>";
		};
/* End PBXVariantGroup section */

/* Begin XCBuildConfiguration section */
		5C4AA3EF21ABA3FE00A1AC6C /* Debug */ = {
			isa = XCBuildConfiguration;
			buildSettings = {
				ALWAYS_SEARCH_USER_PATHS = NO;
				CLANG_ANALYZER_NONNULL = YES;
				CLANG_ANALYZER_NUMBER_OBJECT_CONVERSION = YES_AGGRESSIVE;
				CLANG_CXX_LANGUAGE_STANDARD = "gnu++14";
				CLANG_CXX_LIBRARY = "libc++";
				CLANG_ENABLE_MODULES = YES;
				CLANG_ENABLE_OBJC_ARC = YES;
				CLANG_ENABLE_OBJC_WEAK = YES;
				CLANG_WARN_BLOCK_CAPTURE_AUTORELEASING = YES;
				CLANG_WARN_BOOL_CONVERSION = YES;
				CLANG_WARN_COMMA = YES;
				CLANG_WARN_CONSTANT_CONVERSION = YES;
				CLANG_WARN_DEPRECATED_OBJC_IMPLEMENTATIONS = YES;
				CLANG_WARN_DIRECT_OBJC_ISA_USAGE = YES_ERROR;
				CLANG_WARN_DOCUMENTATION_COMMENTS = YES;
				CLANG_WARN_EMPTY_BODY = YES;
				CLANG_WARN_ENUM_CONVERSION = YES;
				CLANG_WARN_INFINITE_RECURSION = YES;
				CLANG_WARN_INT_CONVERSION = YES;
				CLANG_WARN_NON_LITERAL_NULL_CONVERSION = YES;
				CLANG_WARN_OBJC_IMPLICIT_RETAIN_SELF = YES;
				CLANG_WARN_OBJC_LITERAL_CONVERSION = YES;
				CLANG_WARN_OBJC_ROOT_CLASS = YES_ERROR;
				CLANG_WARN_RANGE_LOOP_ANALYSIS = YES;
				CLANG_WARN_STRICT_PROTOTYPES = YES;
				CLANG_WARN_SUSPICIOUS_MOVE = YES;
				CLANG_WARN_UNGUARDED_AVAILABILITY = YES_AGGRESSIVE;
				CLANG_WARN_UNREACHABLE_CODE = YES;
				CLANG_WARN__DUPLICATE_METHOD_MATCH = YES;
				CODE_SIGN_IDENTITY = "iPhone Developer";
				COPY_PHASE_STRIP = NO;
				DEBUG_INFORMATION_FORMAT = dwarf;
				ENABLE_STRICT_OBJC_MSGSEND = YES;
				ENABLE_TESTABILITY = YES;
				GCC_C_LANGUAGE_STANDARD = gnu11;
				GCC_DYNAMIC_NO_PIC = NO;
				GCC_NO_COMMON_BLOCKS = YES;
				GCC_OPTIMIZATION_LEVEL = 0;
				GCC_PREPROCESSOR_DEFINITIONS = (
					"DEBUG=1",
					"$(inherited)",
				);
				GCC_WARN_64_TO_32_BIT_CONVERSION = YES;
				GCC_WARN_ABOUT_RETURN_TYPE = YES_ERROR;
				GCC_WARN_UNDECLARED_SELECTOR = YES;
				GCC_WARN_UNINITIALIZED_AUTOS = YES_AGGRESSIVE;
				GCC_WARN_UNUSED_FUNCTION = YES;
				GCC_WARN_UNUSED_VARIABLE = YES;
				IPHONEOS_DEPLOYMENT_TARGET = 12.1;
				MTL_ENABLE_DEBUG_INFO = INCLUDE_SOURCE;
				MTL_FAST_MATH = YES;
				ONLY_ACTIVE_ARCH = YES;
				SDKROOT = iphoneos;
				SWIFT_ACTIVE_COMPILATION_CONDITIONS = DEBUG;
				SWIFT_OPTIMIZATION_LEVEL = "-Onone";
			};
			name = Debug;
		};
		5C4AA3F021ABA3FE00A1AC6C /* Release */ = {
			isa = XCBuildConfiguration;
			buildSettings = {
				ALWAYS_SEARCH_USER_PATHS = NO;
				CLANG_ANALYZER_NONNULL = YES;
				CLANG_ANALYZER_NUMBER_OBJECT_CONVERSION = YES_AGGRESSIVE;
				CLANG_CXX_LANGUAGE_STANDARD = "gnu++14";
				CLANG_CXX_LIBRARY = "libc++";
				CLANG_ENABLE_MODULES = YES;
				CLANG_ENABLE_OBJC_ARC = YES;
				CLANG_ENABLE_OBJC_WEAK = YES;
				CLANG_WARN_BLOCK_CAPTURE_AUTORELEASING = YES;
				CLANG_WARN_BOOL_CONVERSION = YES;
				CLANG_WARN_COMMA = YES;
				CLANG_WARN_CONSTANT_CONVERSION = YES;
				CLANG_WARN_DEPRECATED_OBJC_IMPLEMENTATIONS = YES;
				CLANG_WARN_DIRECT_OBJC_ISA_USAGE = YES_ERROR;
				CLANG_WARN_DOCUMENTATION_COMMENTS = YES;
				CLANG_WARN_EMPTY_BODY = YES;
				CLANG_WARN_ENUM_CONVERSION = YES;
				CLANG_WARN_INFINITE_RECURSION = YES;
				CLANG_WARN_INT_CONVERSION = YES;
				CLANG_WARN_NON_LITERAL_NULL_CONVERSION = YES;
				CLANG_WARN_OBJC_IMPLICIT_RETAIN_SELF = YES;
				CLANG_WARN_OBJC_LITERAL_CONVERSION = YES;
				CLANG_WARN_OBJC_ROOT_CLASS = YES_ERROR;
				CLANG_WARN_RANGE_LOOP_ANALYSIS = YES;
				CLANG_WARN_STRICT_PROTOTYPES = YES;
				CLANG_WARN_SUSPICIOUS_MOVE = YES;
				CLANG_WARN_UNGUARDED_AVAILABILITY = YES_AGGRESSIVE;
				CLANG_WARN_UNREACHABLE_CODE = YES;
				CLANG_WARN__DUPLICATE_METHOD_MATCH = YES;
				CODE_SIGN_IDENTITY = "iPhone Developer";
				COPY_PHASE_STRIP = NO;
				DEBUG_INFORMATION_FORMAT = "dwarf-with-dsym";
				ENABLE_NS_ASSERTIONS = NO;
				ENABLE_STRICT_OBJC_MSGSEND = YES;
				GCC_C_LANGUAGE_STANDARD = gnu11;
				GCC_NO_COMMON_BLOCKS = YES;
				GCC_WARN_64_TO_32_BIT_CONVERSION = YES;
				GCC_WARN_ABOUT_RETURN_TYPE = YES_ERROR;
				GCC_WARN_UNDECLARED_SELECTOR = YES;
				GCC_WARN_UNINITIALIZED_AUTOS = YES_AGGRESSIVE;
				GCC_WARN_UNUSED_FUNCTION = YES;
				GCC_WARN_UNUSED_VARIABLE = YES;
				IPHONEOS_DEPLOYMENT_TARGET = 12.1;
				MTL_ENABLE_DEBUG_INFO = NO;
				MTL_FAST_MATH = YES;
				SDKROOT = iphoneos;
				SWIFT_COMPILATION_MODE = wholemodule;
				SWIFT_OPTIMIZATION_LEVEL = "-O";
				VALIDATE_PRODUCT = YES;
			};
			name = Release;
		};
		5C4AA3F221ABA3FE00A1AC6C /* Debug */ = {
			isa = XCBuildConfiguration;
			baseConfigurationReference = B0735257591B8A9F33CBCB09 /* Pods-Personection.debug.xcconfig */;
			buildSettings = {
				ASSETCATALOG_COMPILER_APPICON_NAME = AppIcon;
				CODE_SIGN_STYLE = Automatic;
				DEBUG_INFORMATION_FORMAT = "dwarf-with-dsym";
				DEVELOPMENT_TEAM = H97939CHCD;
				INFOPLIST_FILE = Personection/Info.plist;
				IPHONEOS_DEPLOYMENT_TARGET = 11.0;
				LD_RUNPATH_SEARCH_PATHS = (
					"$(inherited)",
					"@executable_path/Frameworks",
				);
				PRODUCT_BUNDLE_IDENTIFIER = Quinn.Personection;
				PRODUCT_NAME = "$(TARGET_NAME)";
				SWIFT_VERSION = 4.2;
				TARGETED_DEVICE_FAMILY = "1,2";
			};
			name = Debug;
		};
		5C4AA3F321ABA3FE00A1AC6C /* Release */ = {
			isa = XCBuildConfiguration;
			baseConfigurationReference = 5084DB1497AD0C33C5F4B2A7 /* Pods-Personection.release.xcconfig */;
			buildSettings = {
				ASSETCATALOG_COMPILER_APPICON_NAME = AppIcon;
				CODE_SIGN_STYLE = Automatic;
				DEVELOPMENT_TEAM = H97939CHCD;
				INFOPLIST_FILE = Personection/Info.plist;
				IPHONEOS_DEPLOYMENT_TARGET = 11.0;
				LD_RUNPATH_SEARCH_PATHS = (
					"$(inherited)",
					"@executable_path/Frameworks",
				);
				PRODUCT_BUNDLE_IDENTIFIER = Quinn.Personection;
				PRODUCT_NAME = "$(TARGET_NAME)";
				SWIFT_VERSION = 4.2;
				TARGETED_DEVICE_FAMILY = "1,2";
			};
			name = Release;
		};
/* End XCBuildConfiguration section */

/* Begin XCConfigurationList section */
		5C4AA3DA21ABA3FC00A1AC6C /* Build configuration list for PBXProject "Personection" */ = {
			isa = XCConfigurationList;
			buildConfigurations = (
				5C4AA3EF21ABA3FE00A1AC6C /* Debug */,
				5C4AA3F021ABA3FE00A1AC6C /* Release */,
			);
			defaultConfigurationIsVisible = 0;
			defaultConfigurationName = Release;
		};
		5C4AA3F121ABA3FE00A1AC6C /* Build configuration list for PBXNativeTarget "Personection" */ = {
			isa = XCConfigurationList;
			buildConfigurations = (
				5C4AA3F221ABA3FE00A1AC6C /* Debug */,
				5C4AA3F321ABA3FE00A1AC6C /* Release */,
			);
			defaultConfigurationIsVisible = 0;
			defaultConfigurationName = Release;
		};
/* End XCConfigurationList section */
	};
	rootObject = 5C4AA3D721ABA3FC00A1AC6C /* Project object */;
}
